
Microsoft Visual Studio Solution File, Format Version 12.00
# Visual Studio Version 17
VisualStudioVersion = 17.6.33829.357
MinimumVisualStudioVersion = 10.0.40219.1
Project("{FAE04EC0-301F-11D3-BF4B-00C04F79EFBC}") = "CommandForge", "CommandForge\CommandForge.csproj", "{09935294-8C81-44BB-82F1-3743510DDF76}"
EndProject
Global
	GlobalSection(SolutionConfigurationPlatforms) = preSolution
		Debug|Any CPU = Debug|Any CPU
		Release|Any CPU = Release|Any CPU
	EndGlobalSection
	GlobalSection(ProjectConfigurationPlatforms) = postSolution
		{09935294-8C81-44BB-82F1-3743510DDF76}.Debug|Any CPU.ActiveCfg = Debug|Any CPU
		{09935294-8C81-44BB-82F1-3743510DDF76}.Debug|Any CPU.Build.0 = Debug|Any CPU
		{09935294-8C81-44BB-82F1-3743510DDF76}.Release|Any CPU.ActiveCfg = Release|Any CPU
		{09935294-8C81-44BB-82F1-3743510DDF76}.Release|Any CPU.Build.0 = Release|Any CPU
	EndGlobalSection
	GlobalSection(SolutionProperties) = preSolution
		HideSolutionNode = FALSE
	EndGlobalSection
	GlobalSection(ExtensibilityGlobals) = postSolution
		SolutionGuid = {15E70A81-3B32-422A-8F5E-706CB6352671}
	EndGlobalSection
EndGlobal
